
Microsoft Visual Studio Solution File, Format Version 12.00
# Visual Studio Version 16
VisualStudioVersion = 16.0.30309.148
MinimumVisualStudioVersion = 10.0.40219.1
Project("{FAE04EC0-301F-11D3-BF4B-00C04F79EFBC}") = "FAQ 2.0", "FAQ 2.0\FAQ 2.0.csproj", "{95980BD5-A316-4B19-AFF8-09A91B501980}"
EndProject
Global
	GlobalSection(SolutionConfigurationPlatforms) = preSolution
		Debug|Any CPU = Debug|Any CPU
		Release|Any CPU = Release|Any CPU
	EndGlobalSection
	GlobalSection(ProjectConfigurationPlatforms) = postSolution
		{95980BD5-A316-4B19-AFF8-09A91B501980}.Debug|Any CPU.ActiveCfg = Debug|Any CPU
		{95980BD5-A316-4B19-AFF8-09A91B501980}.Debug|Any CPU.Build.0 = Debug|Any CPU
		{95980BD5-A316-4B19-AFF8-09A91B501980}.Release|Any CPU.ActiveCfg = Release|Any CPU
		{95980BD5-A316-4B19-AFF8-09A91B501980}.Release|Any CPU.Build.0 = Release|Any CPU
	EndGlobalSection
	GlobalSection(SolutionProperties) = preSolution
		HideSolutionNode = FALSE
	EndGlobalSection
	GlobalSection(ExtensibilityGlobals) = postSolution
		SolutionGuid = {EA226873-EF9D-450F-9B28-BA18AF7AB7CC}
	EndGlobalSection
EndGlobal
